// !$*UTF8*$!
{
	archiveVersion = 1;
	classes = {
	};
	objectVersion = 46;
	objects = {

/* Begin PBXBuildFile section */
		19A347751D9D3E2A004091BA /* AppDelegate.swift in Sources */ = {isa = PBXBuildFile; fileRef = 19A347741D9D3E2A004091BA /* AppDelegate.swift */; };
		19A347771D9D3E2A004091BA /* ViewController.swift in Sources */ = {isa = PBXBuildFile; fileRef = 19A347761D9D3E2A004091BA /* ViewController.swift */; };
		19A3477A1D9D3E2A004091BA /* Main.storyboard in Resources */ = {isa = PBXBuildFile; fileRef = 19A347781D9D3E2A004091BA /* Main.storyboard */; };
		19A3477D1D9D3E2A004091BA /* ContactListPro.xcdatamodeld in Sources */ = {isa = PBXBuildFile; fileRef = 19A3477B1D9D3E2A004091BA /* ContactListPro.xcdatamodeld */; };
		19A3477F1D9D3E2A004091BA /* Assets.xcassets in Resources */ = {isa = PBXBuildFile; fileRef = 19A3477E1D9D3E2A004091BA /* Assets.xcassets */; };
		19A347821D9D3E2A004091BA /* LaunchScreen.storyboard in Resources */ = {isa = PBXBuildFile; fileRef = 19A347801D9D3E2A004091BA /* LaunchScreen.storyboard */; };
		19A3478D1D9D45BD004091BA /* AddContactViewController.swift in Sources */ = {isa = PBXBuildFile; fileRef = 19A3478B1D9D45BD004091BA /* AddContactViewController.swift */; };
		19A347911D9D533C004091BA /* Contact+CoreDataClass.swift in Sources */ = {isa = PBXBuildFile; fileRef = 19A3478F1D9D533C004091BA /* Contact+CoreDataClass.swift */; };
		19A347921D9D533C004091BA /* Contact+CoreDataProperties.swift in Sources */ = {isa = PBXBuildFile; fileRef = 19A347901D9D533C004091BA /* Contact+CoreDataProperties.swift */; };
		19A347951D9D53A0004091BA /* ContactViewController.swift in Sources */ = {isa = PBXBuildFile; fileRef = 19A347931D9D53A0004091BA /* ContactViewController.swift */; };
		19CD78601DAADF7A008D8918 /* ContactCustomCell.swift in Sources */ = {isa = PBXBuildFile; fileRef = 19CD785F1DAADF7A008D8918 /* ContactCustomCell.swift */; };
/* End PBXBuildFile section */

/* Begin PBXFileReference section */
		19A347711D9D3E2A004091BA /* ContactListPro.app */ = {isa = PBXFileReference; explicitFileType = wrapper.application; includeInIndex = 0; path = ContactListPro.app; sourceTree = BUILT_PRODUCTS_DIR; };
		19A347741D9D3E2A004091BA /* AppDelegate.swift */ = {isa = PBXFileReference; lastKnownFileType = sourcecode.swift; path = AppDelegate.swift; sourceTree = "<group>"; };
		19A347761D9D3E2A004091BA /* ViewController.swift */ = {isa = PBXFileReference; lastKnownFileType = sourcecode.swift; path = ViewController.swift; sourceTree = "<group>"; };
		19A347791D9D3E2A004091BA /* Base */ = {isa = PBXFileReference; lastKnownFileType = file.storyboard; name = Base; path = Base.lproj/Main.storyboard; sourceTree = "<group>"; };
		19A3477C1D9D3E2A004091BA /* ContactListPro.xcdatamodel */ = {isa = PBXFileReference; lastKnownFileType = wrapper.xcdatamodel; path = ContactListPro.xcdatamodel; sourceTree = "<group>"; };
		19A3477E1D9D3E2A004091BA /* Assets.xcassets */ = {isa = PBXFileReference; lastKnownFileType = folder.assetcatalog; path = Assets.xcassets; sourceTree = "<group>"; };
		19A347811D9D3E2A004091BA /* Base */ = {isa = PBXFileReference; lastKnownFileType = file.storyboard; name = Base; path = Base.lproj/LaunchScreen.storyboard; sourceTree = "<group>"; };
		19A347831D9D3E2A004091BA /* Info.plist */ = {isa = PBXFileReference; lastKnownFileType = text.plist.xml; path = Info.plist; sourceTree = "<group>"; };
		19A3478B1D9D45BD004091BA /* AddContactViewController.swift */ = {isa = PBXFileReference; fileEncoding = 4; lastKnownFileType = sourcecode.swift; path = AddContactViewController.swift; sourceTree = "<group>"; };
		19A3478F1D9D533C004091BA /* Contact+CoreDataClass.swift */ = {isa = PBXFileReference; fileEncoding = 4; lastKnownFileType = sourcecode.swift; path = "Contact+CoreDataClass.swift"; sourceTree = "<group>"; };
		19A347901D9D533C004091BA /* Contact+CoreDataProperties.swift */ = {isa = PBXFileReference; fileEncoding = 4; lastKnownFileType = sourcecode.swift; path = "Contact+CoreDataProperties.swift"; sourceTree = "<group>"; };
		19A347931D9D53A0004091BA /* ContactViewController.swift */ = {isa = PBXFileReference; fileEncoding = 4; lastKnownFileType = sourcecode.swift; path = ContactViewController.swift; sourceTree = "<group>"; };
		19CD785F1DAADF7A008D8918 /* ContactCustomCell.swift */ = {isa = PBXFileReference; fileEncoding = 4; lastKnownFileType = sourcecode.swift; path = ContactCustomCell.swift; sourceTree = "<group>"; };
/* End PBXFileReference section */

/* Begin PBXFrameworksBuildPhase section */
		19A3476E1D9D3E2A004091BA /* Frameworks */ = {
			isa = PBXFrameworksBuildPhase;
			buildActionMask = 2147483647;
			files = (
			);
			runOnlyForDeploymentPostprocessing = 0;
		};
/* End PBXFrameworksBuildPhase section */

/* Begin PBXGroup section */
		19A347681D9D3E2A004091BA = {
			isa = PBXGroup;
			children = (
				19A3478F1D9D533C004091BA /* Contact+CoreDataClass.swift */,
				19A347901D9D533C004091BA /* Contact+CoreDataProperties.swift */,
				19A347731D9D3E2A004091BA /* ContactListPro */,
				19A347721D9D3E2A004091BA /* Products */,
			);
			sourceTree = "<group>";
		};
		19A347721D9D3E2A004091BA /* Products */ = {
			isa = PBXGroup;
			children = (
				19A347711D9D3E2A004091BA /* ContactListPro.app */,
			);
			name = Products;
			sourceTree = "<group>";
		};
		19A347731D9D3E2A004091BA /* ContactListPro */ = {
			isa = PBXGroup;
			children = (
				19A347741D9D3E2A004091BA /* AppDelegate.swift */,
				19A347761D9D3E2A004091BA /* ViewController.swift */,
				19A347781D9D3E2A004091BA /* Main.storyboard */,
				19A3477E1D9D3E2A004091BA /* Assets.xcassets */,
				19A347801D9D3E2A004091BA /* LaunchScreen.storyboard */,
				19A347831D9D3E2A004091BA /* Info.plist */,
				19A3477B1D9D3E2A004091BA /* ContactListPro.xcdatamodeld */,
				19A3478B1D9D45BD004091BA /* AddContactViewController.swift */,
				19A347931D9D53A0004091BA /* ContactViewController.swift */,
				19CD785F1DAADF7A008D8918 /* ContactCustomCell.swift */,
			);
			path = ContactListPro;
			sourceTree = "<group>";
		};
/* End PBXGroup section */

/* Begin PBXNativeTarget section */
		19A347701D9D3E2A004091BA /* ContactListPro */ = {
			isa = PBXNativeTarget;
			buildConfigurationList = 19A347861D9D3E2A004091BA /* Build configuration list for PBXNativeTarget "ContactListPro" */;
			buildPhases = (
				19A3476D1D9D3E2A004091BA /* Sources */,
				19A3476E1D9D3E2A004091BA /* Frameworks */,
				19A3476F1D9D3E2A004091BA /* Resources */,
			);
			buildRules = (
			);
			dependencies = (
			);
			name = ContactListPro;
			productName = ContactListPro;
			productReference = 19A347711D9D3E2A004091BA /* ContactListPro.app */;
			productType = "com.apple.product-type.application";
		};
/* End PBXNativeTarget section */

/* Begin PBXProject section */
		19A347691D9D3E2A004091BA /* Project object */ = {
			isa = PBXProject;
			attributes = {
				LastSwiftUpdateCheck = 0800;
				LastUpgradeCheck = 0800;
				ORGANIZATIONNAME = "sylvain vincent";
				TargetAttributes = {
					19A347701D9D3E2A004091BA = {
						CreatedOnToolsVersion = 8.0;
						ProvisioningStyle = Automatic;
					};
				};
			};
			buildConfigurationList = 19A3476C1D9D3E2A004091BA /* Build configuration list for PBXProject "ContactListPro" */;
			compatibilityVersion = "Xcode 3.2";
			developmentRegion = English;
			hasScannedForEncodings = 0;
			knownRegions = (
				en,
				Base,
			);
			mainGroup = 19A347681D9D3E2A004091BA;
			productRefGroup = 19A347721D9D3E2A004091BA /* Products */;
			projectDirPath = "";
			projectRoot = "";
			targets = (
				19A347701D9D3E2A004091BA /* ContactListPro */,
			);
		};
/* End PBXProject section */

/* Begin PBXResourcesBuildPhase section */
		19A3476F1D9D3E2A004091BA /* Resources */ = {
			isa = PBXResourcesBuildPhase;
			buildActionMask = 2147483647;
			files = (
				19A347821D9D3E2A004091BA /* LaunchScreen.storyboard in Resources */,
				19A3477F1D9D3E2A004091BA /* Assets.xcassets in Resources */,
				19A3477A1D9D3E2A004091BA /* Main.storyboard in Resources */,
			);
			runOnlyForDeploymentPostprocessing = 0;
		};
/* End PBXResourcesBuildPhase section */

/* Begin PBXSourcesBuildPhase section */
		19A3476D1D9D3E2A004091BA /* Sources */ = {
			isa = PBXSourcesBuildPhase;
			buildActionMask = 2147483647;
			files = (
				19A347921D9D533C004091BA /* Contact+CoreDataProperties.swift in Sources */,
				19CD78601DAADF7A008D8918 /* ContactCustomCell.swift in Sources */,
				19A347951D9D53A0004091BA /* ContactViewController.swift in Sources */,
				19A347771D9D3E2A004091BA /* ViewController.swift in Sources */,
				19A3478D1D9D45BD004091BA /* AddContactViewController.swift in Sources */,
				19A347751D9D3E2A004091BA /* AppDelegate.swift in Sources */,
				19A3477D1D9D3E2A004091BA /* ContactListPro.xcdatamodeld in Sources */,
				19A347911D9D533C004091BA /* Contact+CoreDataClass.swift in Sources */,
			);
			runOnlyForDeploymentPostprocessing = 0;
		};
/* End PBXSourcesBuildPhase section */

/* Begin PBXVariantGroup section */
		19A347781D9D3E2A004091BA /* Main.storyboard */ = {
			isa = PBXVariantGroup;
			children = (
				19A347791D9D3E2A004091BA /* Base */,
			);
			name = Main.storyboard;
			sourceTree = "<group>";
		};
		19A347801D9D3E2A004091BA /* LaunchScreen.storyboard */ = {
			isa = PBXVariantGroup;
			children = (
				19A347811D9D3E2A004091BA /* Base */,
			);
			name = LaunchScreen.storyboard;
			sourceTree = "<group>";
		};
/* End PBXVariantGroup section */

/* Begin XCBuildConfiguration section */
		19A347841D9D3E2A004091BA /* Debug */ = {
			isa = XCBuildConfiguration;
			buildSettings = {
				ALWAYS_SEARCH_USER_PATHS = NO;
				CLANG_ANALYZER_NONNULL = YES;
				CLANG_CXX_LANGUAGE_STANDARD = "gnu++0x";
				CLANG_CXX_LIBRARY = "libc++";
				CLANG_ENABLE_MODULES = YES;
				CLANG_ENABLE_OBJC_ARC = YES;
				CLANG_WARN_BOOL_CONVERSION = YES;
				CLANG_WARN_CONSTANT_CONVERSION = YES;
				CLANG_WARN_DIRECT_OBJC_ISA_USAGE = YES_ERROR;
				CLANG_WARN_DOCUMENTATION_COMMENTS = YES;
				CLANG_WARN_EMPTY_BODY = YES;
				CLANG_WARN_ENUM_CONVERSION = YES;
				CLANG_WARN_INFINITE_RECURSION = YES;
				CLANG_WARN_INT_CONVERSION = YES;
				CLANG_WARN_OBJC_ROOT_CLASS = YES_ERROR;
				CLANG_WARN_SUSPICIOUS_MOVES = YES;
				CLANG_WARN_UNREACHABLE_CODE = YES;
				CLANG_WARN__DUPLICATE_METHOD_MATCH = YES;
				"CODE_SIGN_IDENTITY[sdk=iphoneos*]" = "iPhone Developer";
				COPY_PHASE_STRIP = NO;
				DEBUG_INFORMATION_FORMAT = dwarf;
				ENABLE_STRICT_OBJC_MSGSEND = YES;
				ENABLE_TESTABILITY = YES;
				GCC_C_LANGUAGE_STANDARD = gnu99;
				GCC_DYNAMIC_NO_PIC = NO;
				GCC_NO_COMMON_BLOCKS = YES;
				GCC_OPTIMIZATION_LEVEL = 0;
				GCC_PREPROCESSOR_DEFINITIONS = (
					"DEBUG=1",
					"$(inherited)",
				);
				GCC_WARN_64_TO_32_BIT_CONVERSION = YES;
				GCC_WARN_ABOUT_RETURN_TYPE = YES_ERROR;
				GCC_WARN_UNDECLARED_SELECTOR = YES;
				GCC_WARN_UNINITIALIZED_AUTOS = YES_AGGRESSIVE;
				GCC_WARN_UNUSED_FUNCTION = YES;
				GCC_WARN_UNUSED_VARIABLE = YES;
				IPHONEOS_DEPLOYMENT_TARGET = 10.0;
				MTL_ENABLE_DEBUG_INFO = YES;
				ONLY_ACTIVE_ARCH = YES;
				SDKROOT = iphoneos;
				SWIFT_ACTIVE_COMPILATION_CONDITIONS = DEBUG;
				SWIFT_OPTIMIZATION_LEVEL = "-Onone";
			};
			name = Debug;
		};
		19A347851D9D3E2A004091BA /* Release */ = {
			isa = XCBuildConfiguration;
			buildSettings = {
				ALWAYS_SEARCH_USER_PATHS = NO;
				CLANG_ANALYZER_NONNULL = YES;
				CLANG_CXX_LANGUAGE_STANDARD = "gnu++0x";
				CLANG_CXX_LIBRARY = "libc++";
				CLANG_ENABLE_MODULES = YES;
				CLANG_ENABLE_OBJC_ARC = YES;
				CLANG_WARN_BOOL_CONVERSION = YES;
				CLANG_WARN_CONSTANT_CONVERSION = YES;
				CLANG_WARN_DIRECT_OBJC_ISA_USAGE = YES_ERROR;
				CLANG_WARN_DOCUMENTATION_COMMENTS = YES;
				CLANG_WARN_EMPTY_BODY = YES;
				CLANG_WARN_ENUM_CONVERSION = YES;
				CLANG_WARN_INFINITE_RECURSION = YES;
				CLANG_WARN_INT_CONVERSION = YES;
				CLANG_WARN_OBJC_ROOT_CLASS = YES_ERROR;
				CLANG_WARN_SUSPICIOUS_MOVES = YES;
				CLANG_WARN_UNREACHABLE_CODE = YES;
				CLANG_WARN__DUPLICATE_METHOD_MATCH = YES;
				"CODE_SIGN_IDENTITY[sdk=iphoneos*]" = "iPhone Developer";
				COPY_PHASE_STRIP = NO;
				DEBUG_INFORMATION_FORMAT = "dwarf-with-dsym";
				ENABLE_NS_ASSERTIONS = NO;
				ENABLE_STRICT_OBJC_MSGSEND = YES;
				GCC_C_LANGUAGE_STANDARD = gnu99;
				GCC_NO_COMMON_BLOCKS = YES;
				GCC_WARN_64_TO_32_BIT_CONVERSION = YES;
				GCC_WARN_ABOUT_RETURN_TYPE = YES_ERROR;
				GCC_WARN_UNDECLARED_SELECTOR = YES;
				GCC_WARN_UNINITIALIZED_AUTOS = YES_AGGRESSIVE;
				GCC_WARN_UNUSED_FUNCTION = YES;
				GCC_WARN_UNUSED_VARIABLE = YES;
				IPHONEOS_DEPLOYMENT_TARGET = 10.0;
				MTL_ENABLE_DEBUG_INFO = NO;
				SDKROOT = iphoneos;
				SWIFT_OPTIMIZATION_LEVEL = "-Owholemodule";
				VALIDATE_PRODUCT = YES;
			};
			name = Release;
		};
		19A347871D9D3E2A004091BA /* Debug */ = {
			isa = XCBuildConfiguration;
			buildSettings = {
				ASSETCATALOG_COMPILER_APPICON_NAME = AppIcon;
				INFOPLIST_FILE = ContactListPro/Info.plist;
				LD_RUNPATH_SEARCH_PATHS = "$(inherited) @executable_path/Frameworks";
				PRODUCT_BUNDLE_IDENTIFIER = com.sylvain.ContactListPro;
				PRODUCT_NAME = "$(TARGET_NAME)";
				SWIFT_VERSION = 3.0;
			};
			name = Debug;
		};
		19A347881D9D3E2A004091BA /* Release */ = {
			isa = XCBuildConfiguration;
			buildSettings = {
				ASSETCATALOG_COMPILER_APPICON_NAME = AppIcon;
				INFOPLIST_FILE = ContactListPro/Info.plist;
				LD_RUNPATH_SEARCH_PATHS = "$(inherited) @executable_path/Frameworks";
				PRODUCT_BUNDLE_IDENTIFIER = com.sylvain.ContactListPro;
				PRODUCT_NAME = "$(TARGET_NAME)";
				SWIFT_VERSION = 3.0;
			};
			name = Release;
		};
/* End XCBuildConfiguration section */

/* Begin XCConfigurationList section */
		19A3476C1D9D3E2A004091BA /* Build configuration list for PBXProject "ContactListPro" */ = {
			isa = XCConfigurationList;
			buildConfigurations = (
				19A347841D9D3E2A004091BA /* Debug */,
				19A347851D9D3E2A004091BA /* Release */,
			);
			defaultConfigurationIsVisible = 0;
			defaultConfigurationName = Release;
		};
		19A347861D9D3E2A004091BA /* Build configuration list for PBXNativeTarget "ContactListPro" */ = {
			isa = XCConfigurationList;
			buildConfigurations = (
				19A347871D9D3E2A004091BA /* Debug */,
				19A347881D9D3E2A004091BA /* Release */,
			);
			defaultConfigurationIsVisible = 0;
			defaultConfigurationName = Release;
		};
/* End XCConfigurationList section */

/* Begin XCVersionGroup section */
		19A3477B1D9D3E2A004091BA /* ContactListPro.xcdatamodeld */ = {
			isa = XCVersionGroup;
			children = (
				19A3477C1D9D3E2A004091BA /* ContactListPro.xcdatamodel */,
			);
			currentVersion = 19A3477C1D9D3E2A004091BA /* ContactListPro.xcdatamodel */;
			path = ContactListPro.xcdatamodeld;
			sourceTree = "<group>";
			versionGroupType = wrapper.xcdatamodel;
		};
/* End XCVersionGroup section */
	};
	rootObject = 19A347691D9D3E2A004091BA /* Project object */;
}
